// !$*UTF8*$!
{
	archiveVersion = 1;
	classes = {
	};
	objectVersion = 46;
	objects = {

/* Begin PBXBuildFile section */
		040210991E24DE65001A6C83 /* 2.png in Resources */ = {isa = PBXBuildFile; fileRef = 040210941E24DE65001A6C83 /* 2.png */; };
		0402109A1E24DE65001A6C83 /* 3.png in Resources */ = {isa = PBXBuildFile; fileRef = 040210951E24DE65001A6C83 /* 3.png */; };
		0402109B1E24DE65001A6C83 /* iconfont-select.png in Resources */ = {isa = PBXBuildFile; fileRef = 040210961E24DE65001A6C83 /* iconfont-select.png */; };
		0402109C1E24DE65001A6C83 /* iconfont-selected.png in Resources */ = {isa = PBXBuildFile; fileRef = 040210971E24DE65001A6C83 /* iconfont-selected.png */; };
		0402109E1E24DE78001A6C83 /* 1.png in Resources */ = {isa = PBXBuildFile; fileRef = 0402109D1E24DE78001A6C83 /* 1.png */; };
		040CC1171E2897840090C6E5 /* RequestData.swift in Sources */ = {isa = PBXBuildFile; fileRef = 040CC1161E2897840090C6E5 /* RequestData.swift */; };
		0456217D1E1E0DC700A26C73 /* AppDelegate.swift in Sources */ = {isa = PBXBuildFile; fileRef = 0456217C1E1E0DC700A26C73 /* AppDelegate.swift */; };
		0456217F1E1E0DC700A26C73 /* FirstViewController.swift in Sources */ = {isa = PBXBuildFile; fileRef = 0456217E1E1E0DC700A26C73 /* FirstViewController.swift */; };
		045621811E1E0DC700A26C73 /* SecondViewController.swift in Sources */ = {isa = PBXBuildFile; fileRef = 045621801E1E0DC700A26C73 /* SecondViewController.swift */; };
		045621841E1E0DC700A26C73 /* Main.storyboard in Resources */ = {isa = PBXBuildFile; fileRef = 045621821E1E0DC700A26C73 /* Main.storyboard */; };
		045621861E1E0DC700A26C73 /* Assets.xcassets in Resources */ = {isa = PBXBuildFile; fileRef = 045621851E1E0DC700A26C73 /* Assets.xcassets */; };
		045621891E1E0DC700A26C73 /* LaunchScreen.storyboard in Resources */ = {isa = PBXBuildFile; fileRef = 045621871E1E0DC700A26C73 /* LaunchScreen.storyboard */; };
		045621941E1E0DC800A26C73 /* ActivityManagementSystemTests.swift in Sources */ = {isa = PBXBuildFile; fileRef = 045621931E1E0DC800A26C73 /* ActivityManagementSystemTests.swift */; };
		0456219F1E1E0DC800A26C73 /* ActivityManagementSystemUITests.swift in Sources */ = {isa = PBXBuildFile; fileRef = 0456219E1E1E0DC800A26C73 /* ActivityManagementSystemUITests.swift */; };
		045621B41E1F7B6500A26C73 /* CreateVoteViewController.swift in Sources */ = {isa = PBXBuildFile; fileRef = 045621B31E1F7B6500A26C73 /* CreateVoteViewController.swift */; };
		045621B61E2091BD00A26C73 /* XHAdLoopView.swift in Sources */ = {isa = PBXBuildFile; fileRef = 045621B51E2091BD00A26C73 /* XHAdLoopView.swift */; };
		045621B81E20FE3D00A26C73 /* VoteViewController.swift in Sources */ = {isa = PBXBuildFile; fileRef = 045621B71E20FE3D00A26C73 /* VoteViewController.swift */; };
		045621BA1E20FEAE00A26C73 /* ActivityViewController.swift in Sources */ = {isa = PBXBuildFile; fileRef = 045621B91E20FEAE00A26C73 /* ActivityViewController.swift */; };
		045621BC1E20FF2200A26C73 /* CommentViewController.swift in Sources */ = {isa = PBXBuildFile; fileRef = 045621BB1E20FF2200A26C73 /* CommentViewController.swift */; };
		045621BE1E210BAD00A26C73 /* CustomTableViewCell.swift in Sources */ = {isa = PBXBuildFile; fileRef = 045621BD1E210BAD00A26C73 /* CustomTableViewCell.swift */; };
		045621C61E234CB400A26C73 /* InputTableViewCell.swift in Sources */ = {isa = PBXBuildFile; fileRef = 045621C51E234CB400A26C73 /* InputTableViewCell.swift */; };
		045621C81E2474A500A26C73 /* MyListViewController.swift in Sources */ = {isa = PBXBuildFile; fileRef = 045621C71E2474A500A26C73 /* MyListViewController.swift */; };
		045621CA1E24AF2C00A26C73 /* LoginViewController.swift in Sources */ = {isa = PBXBuildFile; fileRef = 045621C91E24AF2C00A26C73 /* LoginViewController.swift */; };
		04704A381E2B382000A0EA79 /* MyTabBarController.swift in Sources */ = {isa = PBXBuildFile; fileRef = 04704A371E2B382000A0EA79 /* MyTabBarController.swift */; };
		2135BD06B0799A4EE93AAAF6 /* Pods_ActivityManagementSystem.framework in Frameworks */ = {isa = PBXBuildFile; fileRef = CA9D4ABDCE4C4616C2CC7CFE /* Pods_ActivityManagementSystem.framework */; };
/* End PBXBuildFile section */

/* Begin PBXContainerItemProxy section */
		045621901E1E0DC800A26C73 /* PBXContainerItemProxy */ = {
			isa = PBXContainerItemProxy;
			containerPortal = 045621711E1E0DC700A26C73 /* Project object */;
			proxyType = 1;
			remoteGlobalIDString = 045621781E1E0DC700A26C73;
			remoteInfo = ActivityManagementSystem;
		};
		0456219B1E1E0DC800A26C73 /* PBXContainerItemProxy */ = {
			isa = PBXContainerItemProxy;
			containerPortal = 045621711E1E0DC700A26C73 /* Project object */;
			proxyType = 1;
			remoteGlobalIDString = 045621781E1E0DC700A26C73;
			remoteInfo = ActivityManagementSystem;
		};
/* End PBXContainerItemProxy section */

/* Begin PBXFileReference section */
		040210941E24DE65001A6C83 /* 2.png */ = {isa = PBXFileReference; lastKnownFileType = image.png; name = 2.png; path = ../../sharing/resource/images/2.png; sourceTree = "<group>"; };
		040210951E24DE65001A6C83 /* 3.png */ = {isa = PBXFileReference; lastKnownFileType = image.png; name = 3.png; path = ../../sharing/resource/images/3.png; sourceTree = "<group>"; };
		040210961E24DE65001A6C83 /* iconfont-select.png */ = {isa = PBXFileReference; lastKnownFileType = image.png; name = "iconfont-select.png"; path = "../../sharing/resource/images/iconfont-select.png"; sourceTree = "<group>"; };
		040210971E24DE65001A6C83 /* iconfont-selected.png */ = {isa = PBXFileReference; lastKnownFileType = image.png; name = "iconfont-selected.png"; path = "../../sharing/resource/images/iconfont-selected.png"; sourceTree = "<group>"; };
		0402109D1E24DE78001A6C83 /* 1.png */ = {isa = PBXFileReference; lastKnownFileType = image.png; name = 1.png; path = ../../sharing/resource/images/1.png; sourceTree = "<group>"; };
		040CC1161E2897840090C6E5 /* RequestData.swift */ = {isa = PBXFileReference; fileEncoding = 4; lastKnownFileType = sourcecode.swift; path = RequestData.swift; sourceTree = "<group>"; };
		045621791E1E0DC700A26C73 /* ActivityManagementSystem.app */ = {isa = PBXFileReference; explicitFileType = wrapper.application; includeInIndex = 0; path = ActivityManagementSystem.app; sourceTree = BUILT_PRODUCTS_DIR; };
		0456217C1E1E0DC700A26C73 /* AppDelegate.swift */ = {isa = PBXFileReference; lastKnownFileType = sourcecode.swift; path = AppDelegate.swift; sourceTree = "<group>"; };
		0456217E1E1E0DC700A26C73 /* FirstViewController.swift */ = {isa = PBXFileReference; lastKnownFileType = sourcecode.swift; path = FirstViewController.swift; sourceTree = "<group>"; };
		045621801E1E0DC700A26C73 /* SecondViewController.swift */ = {isa = PBXFileReference; lastKnownFileType = sourcecode.swift; path = SecondViewController.swift; sourceTree = "<group>"; };
		045621831E1E0DC700A26C73 /* Base */ = {isa = PBXFileReference; lastKnownFileType = file.storyboard; name = Base; path = Base.lproj/Main.storyboard; sourceTree = "<group>"; };
		045621851E1E0DC700A26C73 /* Assets.xcassets */ = {isa = PBXFileReference; lastKnownFileType = folder.assetcatalog; path = Assets.xcassets; sourceTree = "<group>"; };
		045621881E1E0DC700A26C73 /* Base */ = {isa = PBXFileReference; lastKnownFileType = file.storyboard; name = Base; path = Base.lproj/LaunchScreen.storyboard; sourceTree = "<group>"; };
		0456218A1E1E0DC700A26C73 /* Info.plist */ = {isa = PBXFileReference; lastKnownFileType = text.plist.xml; path = Info.plist; sourceTree = "<group>"; };
		0456218F1E1E0DC800A26C73 /* ActivityManagementSystemTests.xctest */ = {isa = PBXFileReference; explicitFileType = wrapper.cfbundle; includeInIndex = 0; path = ActivityManagementSystemTests.xctest; sourceTree = BUILT_PRODUCTS_DIR; };
		045621931E1E0DC800A26C73 /* ActivityManagementSystemTests.swift */ = {isa = PBXFileReference; lastKnownFileType = sourcecode.swift; path = ActivityManagementSystemTests.swift; sourceTree = "<group>"; };
		045621951E1E0DC800A26C73 /* Info.plist */ = {isa = PBXFileReference; lastKnownFileType = text.plist.xml; path = Info.plist; sourceTree = "<group>"; };
		0456219A1E1E0DC800A26C73 /* ActivityManagementSystemUITests.xctest */ = {isa = PBXFileReference; explicitFileType = wrapper.cfbundle; includeInIndex = 0; path = ActivityManagementSystemUITests.xctest; sourceTree = BUILT_PRODUCTS_DIR; };
		0456219E1E1E0DC800A26C73 /* ActivityManagementSystemUITests.swift */ = {isa = PBXFileReference; lastKnownFileType = sourcecode.swift; path = ActivityManagementSystemUITests.swift; sourceTree = "<group>"; };
		045621A01E1E0DC800A26C73 /* Info.plist */ = {isa = PBXFileReference; lastKnownFileType = text.plist.xml; path = Info.plist; sourceTree = "<group>"; };
		045621B31E1F7B6500A26C73 /* CreateVoteViewController.swift */ = {isa = PBXFileReference; fileEncoding = 4; lastKnownFileType = sourcecode.swift; path = CreateVoteViewController.swift; sourceTree = "<group>"; };
		045621B51E2091BD00A26C73 /* XHAdLoopView.swift */ = {isa = PBXFileReference; fileEncoding = 4; lastKnownFileType = sourcecode.swift; path = XHAdLoopView.swift; sourceTree = "<group>"; };
		045621B71E20FE3D00A26C73 /* VoteViewController.swift */ = {isa = PBXFileReference; fileEncoding = 4; lastKnownFileType = sourcecode.swift; path = VoteViewController.swift; sourceTree = "<group>"; };
		045621B91E20FEAE00A26C73 /* ActivityViewController.swift */ = {isa = PBXFileReference; fileEncoding = 4; lastKnownFileType = sourcecode.swift; path = ActivityViewController.swift; sourceTree = "<group>"; };
		045621BB1E20FF2200A26C73 /* CommentViewController.swift */ = {isa = PBXFileReference; fileEncoding = 4; lastKnownFileType = sourcecode.swift; path = CommentViewController.swift; sourceTree = "<group>"; };
		045621BD1E210BAD00A26C73 /* CustomTableViewCell.swift */ = {isa = PBXFileReference; fileEncoding = 4; lastKnownFileType = sourcecode.swift; path = CustomTableViewCell.swift; sourceTree = "<group>"; };
		045621C51E234CB400A26C73 /* InputTableViewCell.swift */ = {isa = PBXFileReference; fileEncoding = 4; lastKnownFileType = sourcecode.swift; path = InputTableViewCell.swift; sourceTree = "<group>"; };
		045621C71E2474A500A26C73 /* MyListViewController.swift */ = {isa = PBXFileReference; fileEncoding = 4; lastKnownFileType = sourcecode.swift; path = MyListViewController.swift; sourceTree = "<group>"; };
		045621C91E24AF2C00A26C73 /* LoginViewController.swift */ = {isa = PBXFileReference; fileEncoding = 4; lastKnownFileType = sourcecode.swift; path = LoginViewController.swift; sourceTree = "<group>"; };
		04704A371E2B382000A0EA79 /* MyTabBarController.swift */ = {isa = PBXFileReference; fileEncoding = 4; lastKnownFileType = sourcecode.swift; path = MyTabBarController.swift; sourceTree = "<group>"; };
		54225CA2FB03801AFD0184FD /* Pods-ActivityManagementSystem.debug.xcconfig */ = {isa = PBXFileReference; includeInIndex = 1; lastKnownFileType = text.xcconfig; name = "Pods-ActivityManagementSystem.debug.xcconfig"; path = "Pods/Target Support Files/Pods-ActivityManagementSystem/Pods-ActivityManagementSystem.debug.xcconfig"; sourceTree = "<group>"; };
		97B012D33BC91175B51C4300 /* Pods-ActivityManagementSystem.release.xcconfig */ = {isa = PBXFileReference; includeInIndex = 1; lastKnownFileType = text.xcconfig; name = "Pods-ActivityManagementSystem.release.xcconfig"; path = "Pods/Target Support Files/Pods-ActivityManagementSystem/Pods-ActivityManagementSystem.release.xcconfig"; sourceTree = "<group>"; };
		CA9D4ABDCE4C4616C2CC7CFE /* Pods_ActivityManagementSystem.framework */ = {isa = PBXFileReference; explicitFileType = wrapper.framework; includeInIndex = 0; path = Pods_ActivityManagementSystem.framework; sourceTree = BUILT_PRODUCTS_DIR; };
/* End PBXFileReference section */

/* Begin PBXFrameworksBuildPhase section */
		045621761E1E0DC700A26C73 /* Frameworks */ = {
			isa = PBXFrameworksBuildPhase;
			buildActionMask = 2147483647;
			files = (
				2135BD06B0799A4EE93AAAF6 /* Pods_ActivityManagementSystem.framework in Frameworks */,
			);
			runOnlyForDeploymentPostprocessing = 0;
		};
		0456218C1E1E0DC800A26C73 /* Frameworks */ = {
			isa = PBXFrameworksBuildPhase;
			buildActionMask = 2147483647;
			files = (
			);
			runOnlyForDeploymentPostprocessing = 0;
		};
		045621971E1E0DC800A26C73 /* Frameworks */ = {
			isa = PBXFrameworksBuildPhase;
			buildActionMask = 2147483647;
			files = (
			);
			runOnlyForDeploymentPostprocessing = 0;
		};
/* End PBXFrameworksBuildPhase section */

/* Begin PBXGroup section */
		045621701E1E0DC700A26C73 = {
			isa = PBXGroup;
			children = (
				0456217B1E1E0DC700A26C73 /* ActivityManagementSystem */,
				045621921E1E0DC800A26C73 /* ActivityManagementSystemTests */,
				0456219D1E1E0DC800A26C73 /* ActivityManagementSystemUITests */,
				0456217A1E1E0DC700A26C73 /* Products */,
				6D416FF0C588A714D1CB0DC2 /* Pods */,
				A143184672FD18F4F485AF2E /* Frameworks */,
			);
			sourceTree = "<group>";
		};
		0456217A1E1E0DC700A26C73 /* Products */ = {
			isa = PBXGroup;
			children = (
				045621791E1E0DC700A26C73 /* ActivityManagementSystem.app */,
				0456218F1E1E0DC800A26C73 /* ActivityManagementSystemTests.xctest */,
				0456219A1E1E0DC800A26C73 /* ActivityManagementSystemUITests.xctest */,
			);
			name = Products;
			sourceTree = "<group>";
		};
		0456217B1E1E0DC700A26C73 /* ActivityManagementSystem */ = {
			isa = PBXGroup;
			children = (
				0460EF821E2EFFAC002E0E2C /* Util */,
				0460EF811E2EFF89002E0E2C /* View */,
				0460EF801E2EFF3E002E0E2C /* Controller */,
				045621AC1E1E173200A26C73 /* images */,
				0456217C1E1E0DC700A26C73 /* AppDelegate.swift */,
				045621821E1E0DC700A26C73 /* Main.storyboard */,
				045621851E1E0DC700A26C73 /* Assets.xcassets */,
				045621871E1E0DC700A26C73 /* LaunchScreen.storyboard */,
				0456218A1E1E0DC700A26C73 /* Info.plist */,
			);
			path = ActivityManagementSystem;
			sourceTree = "<group>";
		};
		045621921E1E0DC800A26C73 /* ActivityManagementSystemTests */ = {
			isa = PBXGroup;
			children = (
				045621931E1E0DC800A26C73 /* ActivityManagementSystemTests.swift */,
				045621951E1E0DC800A26C73 /* Info.plist */,
			);
			path = ActivityManagementSystemTests;
			sourceTree = "<group>";
		};
		0456219D1E1E0DC800A26C73 /* ActivityManagementSystemUITests */ = {
			isa = PBXGroup;
			children = (
				0456219E1E1E0DC800A26C73 /* ActivityManagementSystemUITests.swift */,
				045621A01E1E0DC800A26C73 /* Info.plist */,
			);
			path = ActivityManagementSystemUITests;
			sourceTree = "<group>";
		};
		045621AC1E1E173200A26C73 /* images */ = {
			isa = PBXGroup;
			children = (
				0402109D1E24DE78001A6C83 /* 1.png */,
				040210941E24DE65001A6C83 /* 2.png */,
				040210951E24DE65001A6C83 /* 3.png */,
				040210961E24DE65001A6C83 /* iconfont-select.png */,
				040210971E24DE65001A6C83 /* iconfont-selected.png */,
			);
			name = images;
			path = ../../resource/images;
			sourceTree = "<group>";
		};
		0460EF801E2EFF3E002E0E2C /* Controller */ = {
			isa = PBXGroup;
			children = (
				045621B31E1F7B6500A26C73 /* CreateVoteViewController.swift */,
				045621801E1E0DC700A26C73 /* SecondViewController.swift */,
				045621B71E20FE3D00A26C73 /* VoteViewController.swift */,
				045621B91E20FEAE00A26C73 /* ActivityViewController.swift */,
				045621BB1E20FF2200A26C73 /* CommentViewController.swift */,
				045621C71E2474A500A26C73 /* MyListViewController.swift */,
				045621C91E24AF2C00A26C73 /* LoginViewController.swift */,
				04704A371E2B382000A0EA79 /* MyTabBarController.swift */,
				0456217E1E1E0DC700A26C73 /* FirstViewController.swift */,
			);
			name = Controller;
			sourceTree = "<group>";
		};
		0460EF811E2EFF89002E0E2C /* View */ = {
			isa = PBXGroup;
			children = (
				045621C51E234CB400A26C73 /* InputTableViewCell.swift */,
				045621BD1E210BAD00A26C73 /* CustomTableViewCell.swift */,
				045621B51E2091BD00A26C73 /* XHAdLoopView.swift */,
			);
			name = View;
			sourceTree = "<group>";
		};
		0460EF821E2EFFAC002E0E2C /* Util */ = {
			isa = PBXGroup;
			children = (
				040CC1161E2897840090C6E5 /* RequestData.swift */,
			);
			name = Util;
			sourceTree = "<group>";
		};
		6D416FF0C588A714D1CB0DC2 /* Pods */ = {
			isa = PBXGroup;
			children = (
				54225CA2FB03801AFD0184FD /* Pods-ActivityManagementSystem.debug.xcconfig */,
				97B012D33BC91175B51C4300 /* Pods-ActivityManagementSystem.release.xcconfig */,
			);
			name = Pods;
			sourceTree = "<group>";
		};
		A143184672FD18F4F485AF2E /* Frameworks */ = {
			isa = PBXGroup;
			children = (
				CA9D4ABDCE4C4616C2CC7CFE /* Pods_ActivityManagementSystem.framework */,
			);
			name = Frameworks;
			sourceTree = "<group>";
		};
/* End PBXGroup section */

/* Begin PBXNativeTarget section */
		045621781E1E0DC700A26C73 /* ActivityManagementSystem */ = {
			isa = PBXNativeTarget;
			buildConfigurationList = 045621A31E1E0DC800A26C73 /* Build configuration list for PBXNativeTarget "ActivityManagementSystem" */;
			buildPhases = (
				9B375C61BFC787A058104187 /* [CP] Check Pods Manifest.lock */,
				045621751E1E0DC700A26C73 /* Sources */,
				045621761E1E0DC700A26C73 /* Frameworks */,
				045621771E1E0DC700A26C73 /* Resources */,
				121C939645EEACB9847E4039 /* [CP] Embed Pods Frameworks */,
				514819C25D6CB862263B2CCF /* [CP] Copy Pods Resources */,
			);
			buildRules = (
			);
			dependencies = (
			);
			name = ActivityManagementSystem;
			productName = ActivityManagementSystem;
			productReference = 045621791E1E0DC700A26C73 /* ActivityManagementSystem.app */;
			productType = "com.apple.product-type.application";
		};
		0456218E1E1E0DC800A26C73 /* ActivityManagementSystemTests */ = {
			isa = PBXNativeTarget;
			buildConfigurationList = 045621A61E1E0DC800A26C73 /* Build configuration list for PBXNativeTarget "ActivityManagementSystemTests" */;
			buildPhases = (
				0456218B1E1E0DC800A26C73 /* Sources */,
				0456218C1E1E0DC800A26C73 /* Frameworks */,
				0456218D1E1E0DC800A26C73 /* Resources */,
			);
			buildRules = (
			);
			dependencies = (
				045621911E1E0DC800A26C73 /* PBXTargetDependency */,
			);
			name = ActivityManagementSystemTests;
			productName = ActivityManagementSystemTests;
			productReference = 0456218F1E1E0DC800A26C73 /* ActivityManagementSystemTests.xctest */;
			productType = "com.apple.product-type.bundle.unit-test";
		};
		045621991E1E0DC800A26C73 /* ActivityManagementSystemUITests */ = {
			isa = PBXNativeTarget;
			buildConfigurationList = 045621A91E1E0DC800A26C73 /* Build configuration list for PBXNativeTarget "ActivityManagementSystemUITests" */;
			buildPhases = (
				045621961E1E0DC800A26C73 /* Sources */,
				045621971E1E0DC800A26C73 /* Frameworks */,
				045621981E1E0DC800A26C73 /* Resources */,
			);
			buildRules = (
			);
			dependencies = (
				0456219C1E1E0DC800A26C73 /* PBXTargetDependency */,
			);
			name = ActivityManagementSystemUITests;
			productName = ActivityManagementSystemUITests;
			productReference = 0456219A1E1E0DC800A26C73 /* ActivityManagementSystemUITests.xctest */;
			productType = "com.apple.product-type.bundle.ui-testing";
		};
/* End PBXNativeTarget section */

/* Begin PBXProject section */
		045621711E1E0DC700A26C73 /* Project object */ = {
			isa = PBXProject;
			attributes = {
				LastSwiftUpdateCheck = 0730;
				LastUpgradeCheck = 0730;
				ORGANIZATIONNAME = Jack;
				TargetAttributes = {
					045621781E1E0DC700A26C73 = {
						CreatedOnToolsVersion = 7.3.1;
						DevelopmentTeam = 34FG2TA9CA;
					};
					0456218E1E1E0DC800A26C73 = {
						CreatedOnToolsVersion = 7.3.1;
						TestTargetID = 045621781E1E0DC700A26C73;
					};
					045621991E1E0DC800A26C73 = {
						CreatedOnToolsVersion = 7.3.1;
						TestTargetID = 045621781E1E0DC700A26C73;
					};
				};
			};
			buildConfigurationList = 045621741E1E0DC700A26C73 /* Build configuration list for PBXProject "ActivityManagementSystem" */;
			compatibilityVersion = "Xcode 3.2";
			developmentRegion = English;
			hasScannedForEncodings = 0;
			knownRegions = (
				en,
				Base,
			);
			mainGroup = 045621701E1E0DC700A26C73;
			productRefGroup = 0456217A1E1E0DC700A26C73 /* Products */;
			projectDirPath = "";
			projectRoot = "";
			targets = (
				045621781E1E0DC700A26C73 /* ActivityManagementSystem */,
				0456218E1E1E0DC800A26C73 /* ActivityManagementSystemTests */,
				045621991E1E0DC800A26C73 /* ActivityManagementSystemUITests */,
			);
		};
/* End PBXProject section */

/* Begin PBXResourcesBuildPhase section */
		045621771E1E0DC700A26C73 /* Resources */ = {
			isa = PBXResourcesBuildPhase;
			buildActionMask = 2147483647;
			files = (
				0402109E1E24DE78001A6C83 /* 1.png in Resources */,
				045621891E1E0DC700A26C73 /* LaunchScreen.storyboard in Resources */,
				040210991E24DE65001A6C83 /* 2.png in Resources */,
				0402109A1E24DE65001A6C83 /* 3.png in Resources */,
				0402109B1E24DE65001A6C83 /* iconfont-select.png in Resources */,
				045621861E1E0DC700A26C73 /* Assets.xcassets in Resources */,
				0402109C1E24DE65001A6C83 /* iconfont-selected.png in Resources */,
				045621841E1E0DC700A26C73 /* Main.storyboard in Resources */,
			);
			runOnlyForDeploymentPostprocessing = 0;
		};
		0456218D1E1E0DC800A26C73 /* Resources */ = {
			isa = PBXResourcesBuildPhase;
			buildActionMask = 2147483647;
			files = (
			);
			runOnlyForDeploymentPostprocessing = 0;
		};
		045621981E1E0DC800A26C73 /* Resources */ = {
			isa = PBXResourcesBuildPhase;
			buildActionMask = 2147483647;
			files = (
			);
			runOnlyForDeploymentPostprocessing = 0;
		};
/* End PBXResourcesBuildPhase section */

/* Begin PBXShellScriptBuildPhase section */
		121C939645EEACB9847E4039 /* [CP] Embed Pods Frameworks */ = {
			isa = PBXShellScriptBuildPhase;
			buildActionMask = 2147483647;
			files = (
			);
			inputPaths = (
			);
			name = "[CP] Embed Pods Frameworks";
			outputPaths = (
			);
			runOnlyForDeploymentPostprocessing = 0;
			shellPath = /bin/sh;
			shellScript = "\"${SRCROOT}/Pods/Target Support Files/Pods-ActivityManagementSystem/Pods-ActivityManagementSystem-frameworks.sh\"\n";
			showEnvVarsInLog = 0;
		};
		514819C25D6CB862263B2CCF /* [CP] Copy Pods Resources */ = {
			isa = PBXShellScriptBuildPhase;
			buildActionMask = 2147483647;
			files = (
			);
			inputPaths = (
			);
			name = "[CP] Copy Pods Resources";
			outputPaths = (
			);
			runOnlyForDeploymentPostprocessing = 0;
			shellPath = /bin/sh;
			shellScript = "\"${SRCROOT}/Pods/Target Support Files/Pods-ActivityManagementSystem/Pods-ActivityManagementSystem-resources.sh\"\n";
			showEnvVarsInLog = 0;
		};
		9B375C61BFC787A058104187 /* [CP] Check Pods Manifest.lock */ = {
			isa = PBXShellScriptBuildPhase;
			buildActionMask = 2147483647;
			files = (
			);
			inputPaths = (
			);
			name = "[CP] Check Pods Manifest.lock";
			outputPaths = (
			);
			runOnlyForDeploymentPostprocessing = 0;
			shellPath = /bin/sh;
			shellScript = "diff \"${PODS_ROOT}/../Podfile.lock\" \"${PODS_ROOT}/Manifest.lock\" > /dev/null\nif [[ $? != 0 ]] ; then\n    cat << EOM\nerror: The sandbox is not in sync with the Podfile.lock. Run 'pod install' or update your CocoaPods installation.\nEOM\n    exit 1\nfi\n";
			showEnvVarsInLog = 0;
		};
/* End PBXShellScriptBuildPhase section */

/* Begin PBXSourcesBuildPhase section */
		045621751E1E0DC700A26C73 /* Sources */ = {
			isa = PBXSourcesBuildPhase;
			buildActionMask = 2147483647;
			files = (
				045621CA1E24AF2C00A26C73 /* LoginViewController.swift in Sources */,
				045621C61E234CB400A26C73 /* InputTableViewCell.swift in Sources */,
				045621BE1E210BAD00A26C73 /* CustomTableViewCell.swift in Sources */,
				045621BC1E20FF2200A26C73 /* CommentViewController.swift in Sources */,
				045621B81E20FE3D00A26C73 /* VoteViewController.swift in Sources */,
				045621811E1E0DC700A26C73 /* SecondViewController.swift in Sources */,
				045621C81E2474A500A26C73 /* MyListViewController.swift in Sources */,
				040CC1171E2897840090C6E5 /* RequestData.swift in Sources */,
				045621B61E2091BD00A26C73 /* XHAdLoopView.swift in Sources */,
				0456217D1E1E0DC700A26C73 /* AppDelegate.swift in Sources */,
				045621BA1E20FEAE00A26C73 /* ActivityViewController.swift in Sources */,
				045621B41E1F7B6500A26C73 /* CreateVoteViewController.swift in Sources */,
				0456217F1E1E0DC700A26C73 /* FirstViewController.swift in Sources */,
				04704A381E2B382000A0EA79 /* MyTabBarController.swift in Sources */,
			);
			runOnlyForDeploymentPostprocessing = 0;
		};
		0456218B1E1E0DC800A26C73 /* Sources */ = {
			isa = PBXSourcesBuildPhase;
			buildActionMask = 2147483647;
			files = (
				045621941E1E0DC800A26C73 /* ActivityManagementSystemTests.swift in Sources */,
			);
			runOnlyForDeploymentPostprocessing = 0;
		};
		045621961E1E0DC800A26C73 /* Sources */ = {
			isa = PBXSourcesBuildPhase;
			buildActionMask = 2147483647;
			files = (
				0456219F1E1E0DC800A26C73 /* ActivityManagementSystemUITests.swift in Sources */,
			);
			runOnlyForDeploymentPostprocessing = 0;
		};
/* End PBXSourcesBuildPhase section */

/* Begin PBXTargetDependency section */
		045621911E1E0DC800A26C73 /* PBXTargetDependency */ = {
			isa = PBXTargetDependency;
			target = 045621781E1E0DC700A26C73 /* ActivityManagementSystem */;
			targetProxy = 045621901E1E0DC800A26C73 /* PBXContainerItemProxy */;
		};
		0456219C1E1E0DC800A26C73 /* PBXTargetDependency */ = {
			isa = PBXTargetDependency;
			target = 045621781E1E0DC700A26C73 /* ActivityManagementSystem */;
			targetProxy = 0456219B1E1E0DC800A26C73 /* PBXContainerItemProxy */;
		};
/* End PBXTargetDependency section */

/* Begin PBXVariantGroup section */
		045621821E1E0DC700A26C73 /* Main.storyboard */ = {
			isa = PBXVariantGroup;
			children = (
				045621831E1E0DC700A26C73 /* Base */,
			);
			name = Main.storyboard;
			sourceTree = "<group>";
		};
		045621871E1E0DC700A26C73 /* LaunchScreen.storyboard */ = {
			isa = PBXVariantGroup;
			children = (
				045621881E1E0DC700A26C73 /* Base */,
			);
			name = LaunchScreen.storyboard;
			sourceTree = "<group>";
		};
/* End PBXVariantGroup section */

/* Begin XCBuildConfiguration section */
		045621A11E1E0DC800A26C73 /* Debug */ = {
			isa = XCBuildConfiguration;
			buildSettings = {
				ALWAYS_SEARCH_USER_PATHS = NO;
				CLANG_ANALYZER_NONNULL = YES;
				CLANG_CXX_LANGUAGE_STANDARD = "gnu++0x";
				CLANG_CXX_LIBRARY = "libc++";
				CLANG_ENABLE_MODULES = YES;
				CLANG_ENABLE_OBJC_ARC = YES;
				CLANG_WARN_BOOL_CONVERSION = YES;
				CLANG_WARN_CONSTANT_CONVERSION = YES;
				CLANG_WARN_DIRECT_OBJC_ISA_USAGE = YES_ERROR;
				CLANG_WARN_EMPTY_BODY = YES;
				CLANG_WARN_ENUM_CONVERSION = YES;
				CLANG_WARN_INT_CONVERSION = YES;
				CLANG_WARN_OBJC_ROOT_CLASS = YES_ERROR;
				CLANG_WARN_UNREACHABLE_CODE = YES;
				CLANG_WARN__DUPLICATE_METHOD_MATCH = YES;
				"CODE_SIGN_IDENTITY[sdk=iphoneos*]" = "iPhone Developer";
				COPY_PHASE_STRIP = NO;
				DEBUG_INFORMATION_FORMAT = dwarf;
				ENABLE_STRICT_OBJC_MSGSEND = YES;
				ENABLE_TESTABILITY = YES;
				GCC_C_LANGUAGE_STANDARD = gnu99;
				GCC_DYNAMIC_NO_PIC = NO;
				GCC_NO_COMMON_BLOCKS = YES;
				GCC_OPTIMIZATION_LEVEL = 0;
				GCC_PREPROCESSOR_DEFINITIONS = (
					"DEBUG=1",
					"$(inherited)",
				);
				GCC_WARN_64_TO_32_BIT_CONVERSION = YES;
				GCC_WARN_ABOUT_RETURN_TYPE = YES_ERROR;
				GCC_WARN_UNDECLARED_SELECTOR = YES;
				GCC_WARN_UNINITIALIZED_AUTOS = YES_AGGRESSIVE;
				GCC_WARN_UNUSED_FUNCTION = YES;
				GCC_WARN_UNUSED_VARIABLE = YES;
				IPHONEOS_DEPLOYMENT_TARGET = 9.3;
				MTL_ENABLE_DEBUG_INFO = YES;
				ONLY_ACTIVE_ARCH = YES;
				SDKROOT = iphoneos;
				SWIFT_OPTIMIZATION_LEVEL = "-Onone";
				TARGETED_DEVICE_FAMILY = "1,2";
			};
			name = Debug;
		};
		045621A21E1E0DC800A26C73 /* Release */ = {
			isa = XCBuildConfiguration;
			buildSettings = {
				ALWAYS_SEARCH_USER_PATHS = NO;
				CLANG_ANALYZER_NONNULL = YES;
				CLANG_CXX_LANGUAGE_STANDARD = "gnu++0x";
				CLANG_CXX_LIBRARY = "libc++";
				CLANG_ENABLE_MODULES = YES;
				CLANG_ENABLE_OBJC_ARC = YES;
				CLANG_WARN_BOOL_CONVERSION = YES;
				CLANG_WARN_CONSTANT_CONVERSION = YES;
				CLANG_WARN_DIRECT_OBJC_ISA_USAGE = YES_ERROR;
				CLANG_WARN_EMPTY_BODY = YES;
				CLANG_WARN_ENUM_CONVERSION = YES;
				CLANG_WARN_INT_CONVERSION = YES;
				CLANG_WARN_OBJC_ROOT_CLASS = YES_ERROR;
				CLANG_WARN_UNREACHABLE_CODE = YES;
				CLANG_WARN__DUPLICATE_METHOD_MATCH = YES;
				"CODE_SIGN_IDENTITY[sdk=iphoneos*]" = "iPhone Developer";
				COPY_PHASE_STRIP = NO;
				DEBUG_INFORMATION_FORMAT = "dwarf-with-dsym";
				ENABLE_NS_ASSERTIONS = NO;
				ENABLE_STRICT_OBJC_MSGSEND = YES;
				GCC_C_LANGUAGE_STANDARD = gnu99;
				GCC_NO_COMMON_BLOCKS = YES;
				GCC_WARN_64_TO_32_BIT_CONVERSION = YES;
				GCC_WARN_ABOUT_RETURN_TYPE = YES_ERROR;
				GCC_WARN_UNDECLARED_SELECTOR = YES;
				GCC_WARN_UNINITIALIZED_AUTOS = YES_AGGRESSIVE;
				GCC_WARN_UNUSED_FUNCTION = YES;
				GCC_WARN_UNUSED_VARIABLE = YES;
				IPHONEOS_DEPLOYMENT_TARGET = 9.3;
				MTL_ENABLE_DEBUG_INFO = NO;
				SDKROOT = iphoneos;
				TARGETED_DEVICE_FAMILY = "1,2";
				VALIDATE_PRODUCT = YES;
			};
			name = Release;
		};
		045621A41E1E0DC800A26C73 /* Debug */ = {
			isa = XCBuildConfiguration;
			baseConfigurationReference = 54225CA2FB03801AFD0184FD /* Pods-ActivityManagementSystem.debug.xcconfig */;
			buildSettings = {
				ASSETCATALOG_COMPILER_APPICON_NAME = AppIcon;
				CODE_SIGN_IDENTITY = "iPhone Developer";
				"CODE_SIGN_IDENTITY[sdk=iphoneos*]" = "iPhone Developer";
				INFOPLIST_FILE = ActivityManagementSystem/Info.plist;
				LD_RUNPATH_SEARCH_PATHS = "$(inherited) @executable_path/Frameworks";
				PRODUCT_BUNDLE_IDENTIFIER = com.oocl.ActivityManagementSystem;
				PRODUCT_NAME = "$(TARGET_NAME)";
				PROVISIONING_PROFILE = "";
				TARGETED_DEVICE_FAMILY = 1;
			};
			name = Debug;
		};
		045621A51E1E0DC800A26C73 /* Release */ = {
			isa = XCBuildConfiguration;
			baseConfigurationReference = 97B012D33BC91175B51C4300 /* Pods-ActivityManagementSystem.release.xcconfig */;
			buildSettings = {
				ASSETCATALOG_COMPILER_APPICON_NAME = AppIcon;
				CODE_SIGN_IDENTITY = "iPhone Developer";
				"CODE_SIGN_IDENTITY[sdk=iphoneos*]" = "iPhone Developer";
				INFOPLIST_FILE = ActivityManagementSystem/Info.plist;
				LD_RUNPATH_SEARCH_PATHS = "$(inherited) @executable_path/Frameworks";
				PRODUCT_BUNDLE_IDENTIFIER = com.oocl.ActivityManagementSystem;
				PRODUCT_NAME = "$(TARGET_NAME)";
				PROVISIONING_PROFILE = "";
				TARGETED_DEVICE_FAMILY = 1;
			};
			name = Release;
		};
		045621A71E1E0DC800A26C73 /* Debug */ = {
			isa = XCBuildConfiguration;
			buildSettings = {
				BUNDLE_LOADER = "$(TEST_HOST)";
				INFOPLIST_FILE = ActivityManagementSystemTests/Info.plist;
				LD_RUNPATH_SEARCH_PATHS = "$(inherited) @executable_path/Frameworks @loader_path/Frameworks";
				PRODUCT_BUNDLE_IDENTIFIER = com.oocl.ActivityManagementSystemTests;
				PRODUCT_NAME = "$(TARGET_NAME)";
				TEST_HOST = "$(BUILT_PRODUCTS_DIR)/ActivityManagementSystem.app/ActivityManagementSystem";
			};
			name = Debug;
		};
		045621A81E1E0DC800A26C73 /* Release */ = {
			isa = XCBuildConfiguration;
			buildSettings = {
				BUNDLE_LOADER = "$(TEST_HOST)";
				INFOPLIST_FILE = ActivityManagementSystemTests/Info.plist;
				LD_RUNPATH_SEARCH_PATHS = "$(inherited) @executable_path/Frameworks @loader_path/Frameworks";
				PRODUCT_BUNDLE_IDENTIFIER = com.oocl.ActivityManagementSystemTests;
				PRODUCT_NAME = "$(TARGET_NAME)";
				TEST_HOST = "$(BUILT_PRODUCTS_DIR)/ActivityManagementSystem.app/ActivityManagementSystem";
			};
			name = Release;
		};
		045621AA1E1E0DC800A26C73 /* Debug */ = {
			isa = XCBuildConfiguration;
			buildSettings = {
				INFOPLIST_FILE = ActivityManagementSystemUITests/Info.plist;
				LD_RUNPATH_SEARCH_PATHS = "$(inherited) @executable_path/Frameworks @loader_path/Frameworks";
				PRODUCT_BUNDLE_IDENTIFIER = com.oocl.ActivityManagementSystemUITests;
				PRODUCT_NAME = "$(TARGET_NAME)";
				TEST_TARGET_NAME = ActivityManagementSystem;
			};
			name = Debug;
		};
		045621AB1E1E0DC800A26C73 /* Release */ = {
			isa = XCBuildConfiguration;
			buildSettings = {
				INFOPLIST_FILE = ActivityManagementSystemUITests/Info.plist;
				LD_RUNPATH_SEARCH_PATHS = "$(inherited) @executable_path/Frameworks @loader_path/Frameworks";
				PRODUCT_BUNDLE_IDENTIFIER = com.oocl.ActivityManagementSystemUITests;
				PRODUCT_NAME = "$(TARGET_NAME)";
				TEST_TARGET_NAME = ActivityManagementSystem;
			};
			name = Release;
		};
/* End XCBuildConfiguration section */

/* Begin XCConfigurationList section */
		045621741E1E0DC700A26C73 /* Build configuration list for PBXProject "ActivityManagementSystem" */ = {
			isa = XCConfigurationList;
			buildConfigurations = (
				045621A11E1E0DC800A26C73 /* Debug */,
				045621A21E1E0DC800A26C73 /* Release */,
			);
			defaultConfigurationIsVisible = 0;
			defaultConfigurationName = Release;
		};
		045621A31E1E0DC800A26C73 /* Build configuration list for PBXNativeTarget "ActivityManagementSystem" */ = {
			isa = XCConfigurationList;
			buildConfigurations = (
				045621A41E1E0DC800A26C73 /* Debug */,
				045621A51E1E0DC800A26C73 /* Release */,
			);
			defaultConfigurationIsVisible = 0;
			defaultConfigurationName = Release;
		};
		045621A61E1E0DC800A26C73 /* Build configuration list for PBXNativeTarget "ActivityManagementSystemTests" */ = {
			isa = XCConfigurationList;
			buildConfigurations = (
				045621A71E1E0DC800A26C73 /* Debug */,
				045621A81E1E0DC800A26C73 /* Release */,
			);
			defaultConfigurationIsVisible = 0;
			defaultConfigurationName = Release;
		};
		045621A91E1E0DC800A26C73 /* Build configuration list for PBXNativeTarget "ActivityManagementSystemUITests" */ = {
			isa = XCConfigurationList;
			buildConfigurations = (
				045621AA1E1E0DC800A26C73 /* Debug */,
				045621AB1E1E0DC800A26C73 /* Release */,
			);
			defaultConfigurationIsVisible = 0;
			defaultConfigurationName = Release;
		};
/* End XCConfigurationList section */
	};
	rootObject = 045621711E1E0DC700A26C73 /* Project object */;
}
